
Microsoft Visual Studio Solution File, Format Version 12.00
# Visual Studio 2017
Project("{FAE04EC0-301F-11D3-BF4B-00C04F79EFBC}") = "LightsOut", "LightsOut.csproj", "{44F61607-FE7D-431A-904F-BA6EEA25425E}"
EndProject
Global
	GlobalSection(SolutionConfigurationPlatforms) = preSolution
		Debug|Any CPU = Debug|Any CPU
		Release|Any CPU = Release|Any CPU
	EndGlobalSection
	GlobalSection(ProjectConfigurationPlatforms) = postSolution
		{44F61607-FE7D-431A-904F-BA6EEA25425E}.Debug|Any CPU.ActiveCfg = Debug|Any CPU
		{44F61607-FE7D-431A-904F-BA6EEA25425E}.Debug|Any CPU.Build.0 = Debug|Any CPU
		{44F61607-FE7D-431A-904F-BA6EEA25425E}.Release|Any CPU.ActiveCfg = Release|Any CPU
		{44F61607-FE7D-431A-904F-BA6EEA25425E}.Release|Any CPU.Build.0 = Release|Any CPU
	EndGlobalSection
	GlobalSection(SolutionProperties) = preSolution
		HideSolutionNode = FALSE
	EndGlobalSection
EndGlobal
